lockfileVersion: '6.0'

settings:
  autoInstallPeers: true
  excludeLinksFromLockfile: false

dependencies:
  '@brillout/import':
    specifier: ^0.2.3
    version: 0.2.3
  '@brillout/json-serializer':
    specifier: ^0.5.1
    version: 0.5.1
  '@brillout/picocolors':
    specifier: ^1.0.11
    version: 1.0.11
  isbot-fast:
    specifier: 1.2.0
    version: 1.2.0

devDependencies:
  '@biomejs/biome':
    specifier: ^1.7.0
    version: 1.7.0
  '@brillout/part-regex':
    specifier: ^0.1.2
    version: 0.1.2
  '@brillout/release-me':
    specifier: ^0.1.14
    version: 0.1.14
  '@types/node':
    specifier: ^15.12.2
    version: 15.14.9
  '@types/react':
    specifier: ^18.0.9
    version: 18.0.9
  '@types/react-dom':
    specifier: ^18.2.4
    version: 18.2.4
  prettier:
    specifier: ^3.2.5
    version: 3.2.5
  react:
    specifier: 18.2.0
    version: 18.2.0
  react-dom:
    specifier: 18.2.0
    version: 18.2.0(react@18.2.0)
  typescript:
    specifier: ^4.8.3
    version: 4.8.3
  vitest:
    specifier: ^0.14.1
    version: 0.14.1

packages:

  /@babel/code-frame@7.24.2:
    resolution: {integrity: sha512-y5+tLQyV8pg3fsiln67BVLD1P13Eg4lh5RW9mF0zUuvLrv9uIQ4MCL+CRT+FTsBlBjcIan6PGsLcBN0m3ClUyQ==}
    engines: {node: '>=6.9.0'}
    dependencies:
      '@babel/highlight': 7.24.2
      picocolors: 1.0.0
    dev: true

  /@babel/helper-validator-identifier@7.22.20:
    resolution: {integrity: sha512-Y4OZ+ytlatR8AI+8KZfKuL5urKp7qey08ha31L8b3BwewJAoJamTzyvxPR/5D+KkdJCGPq/+8TukHBlY10FX9A==}
    engines: {node: '>=6.9.0'}
    dev: true

  /@babel/highlight@7.24.2:
    resolution: {integrity: sha512-Yac1ao4flkTxTteCDZLEvdxg2fZfz1v8M4QpaGypq/WPDqg3ijHYbDfs+LG5hvzSoqaSZ9/Z9lKSP3CjZjv+pA==}
    engines: {node: '>=6.9.0'}
    dependencies:
      '@babel/helper-validator-identifier': 7.22.20
      chalk: 2.4.2
      js-tokens: 4.0.0
      picocolors: 1.0.0
    dev: true

  /@biomejs/biome@1.7.0:
    resolution: {integrity: sha512-mejiRhnAq6UrXtYvjWJUKdstcT58n0/FfKemFf3d2Ou0HxOdS88HQmWtQ/UgyZvOEPD572YbFTb6IheyROpqkw==}
    engines: {node: '>=14.21.3'}
    hasBin: true
    requiresBuild: true
    optionalDependencies:
      '@biomejs/cli-darwin-arm64': 1.7.0
      '@biomejs/cli-darwin-x64': 1.7.0
      '@biomejs/cli-linux-arm64': 1.7.0
      '@biomejs/cli-linux-arm64-musl': 1.7.0
      '@biomejs/cli-linux-x64': 1.7.0
      '@biomejs/cli-linux-x64-musl': 1.7.0
      '@biomejs/cli-win32-arm64': 1.7.0
      '@biomejs/cli-win32-x64': 1.7.0
    dev: true

  /@biomejs/cli-darwin-arm64@1.7.0:
    resolution: {integrity: sha512-12TaeaKHU4SAZt0fQJ2bYk1jUb4foope7LmgDE5p3c0uMxd3mFkg1k7G721T+K6UHYULcSOQDsNNM8DhYi8Irg==}
    engines: {node: '>=14.21.3'}
    cpu: [arm64]
    os: [darwin]
    requiresBuild: true
    dev: true
    optional: true

  /@biomejs/cli-darwin-x64@1.7.0:
    resolution: {integrity: sha512-6Qq1BSIB0cpp0cQNqO/+EiUV7FE3jMpF6w7+AgIBXp0oJxUWb2Ff0RDZdO9bfzkimXD58j0vGpNHMGnCcjDV2Q==}
    engines: {node: '>=14.21.3'}
    cpu: [x64]
    os: [darwin]
    requiresBuild: true
    dev: true
    optional: true

  /@biomejs/cli-linux-arm64-musl@1.7.0:
    resolution: {integrity: sha512-pwIY80nU7SAxrVVZ6HD9ah1pruwh9ZqlSR0Nvbg4ZJqQa0POhiB+RJx7+/1Ml2mTZdrl8kb/YiwQpD16uwb5wg==}
    engines: {node: '>=14.21.3'}
    cpu: [arm64]
    os: [linux]
    requiresBuild: true
    dev: true
    optional: true

  /@biomejs/cli-linux-arm64@1.7.0:
    resolution: {integrity: sha512-GwSci7xBJ2j1CrdDXDUVXnUtrvypEz/xmiYPpFeVdlX5p95eXx+7FekPPbJfhGGw5WKSsKZ+V8AAlbN+kUwJWw==}
    engines: {node: '>=14.21.3'}
    cpu: [arm64]
    os: [linux]
    requiresBuild: true
    dev: true
    optional: true

  /@biomejs/cli-linux-x64-musl@1.7.0:
    resolution: {integrity: sha512-KzCA0mW4LSbCd7XZWaEJvTOTTBjfJoVEXkfq1fsXxww1HB+ww5PGMbhbIcbYCsj2CTJUifeD5hOkyuBVppU1xQ==}
    engines: {node: '>=14.21.3'}
    cpu: [x64]
    os: [linux]
    requiresBuild: true
    dev: true
    optional: true

  /@biomejs/cli-linux-x64@1.7.0:
    resolution: {integrity: sha512-1y+odKQsyHcw0JCGRuqhbx7Y6jxOVSh4lGIVDdJxW1b55yD22DY1kcMEfhUte6f95OIc2uqfkwtiI6xQAiZJdw==}
    engines: {node: '>=14.21.3'}
    cpu: [x64]
    os: [linux]
    requiresBuild: true
    dev: true
    optional: true

  /@biomejs/cli-win32-arm64@1.7.0:
    resolution: {integrity: sha512-AvLDUYZBpOUFgS/mni4VruIoVV3uSGbKSkZQBPXsHgL0w4KttLll3NBrVanmWxOHsom6C6ocHLyfAY8HUc8TXg==}
    engines: {node: '>=14.21.3'}
    cpu: [arm64]
    os: [win32]
    requiresBuild: true
    dev: true
    optional: true

  /@biomejs/cli-win32-x64@1.7.0:
    resolution: {integrity: sha512-Pylm00BAAuLVb40IH9PC17432BTsY8K4pSUvhvgR1eaalnMaD6ug9SYJTTzKDbT6r24MPAGCTiSZERyhGkGzFQ==}
    engines: {node: '>=14.21.3'}
    cpu: [x64]
    os: [win32]
    requiresBuild: true
    dev: true
    optional: true

  /@brillout/import@0.2.3:
    resolution: {integrity: sha512-1T8WlD75eeFSMrptGy8jiLHmfHgMmSjWvLOIUvHmSVZt+6k0eQqYUoK4KbmE4T9pVLIfxvZSOm2D68VEqKRHRw==}
    dev: false

  /@brillout/json-serializer@0.5.1:
    resolution: {integrity: sha512-wTTbuWmrNBlF9WYq/YJ91UZvEi27uYdV12dOeKBujUojPihs5EhMi8uItugF8iJ797o3la8A9oWfy52OwCIs+Q==}
    dev: false

  /@brillout/part-regex@0.1.2:
    resolution: {integrity: sha512-3b/5PLhJ4xMF/cyY1aJXIMQT0TONFFgUX3tH2wfdrHe78OYe8igl0iaHkJ3kzgN0V+x562Of2AoMwThtLaAj5Q==}
    dev: true

  /@brillout/picocolors@1.0.11:
    resolution: {integrity: sha512-ZDIx2xNRjCKm9c6n+zNDXa3qxXniaVlGKXK1F5OKPCYbDt7EfkH2q5ppzowMITt1lxPyVplxy/b3GpTWwJF+Og==}
    dev: false

  /@brillout/release-me@0.1.14:
    resolution: {integrity: sha512-9EmAC+Oe7799CFu01OXHS/vTIpGQ1hfIDr/f8WbvOVnJ3XMmyqcP1u8aGxVrKjgbu69u+16vlx8KT9TUsvm6zw==}
    hasBin: true
    dependencies:
      commander: 11.1.0
      conventional-changelog: 5.1.0
      execa: 5.1.1
      js-yaml: 4.1.0
      picocolors: 1.0.0
      semver: 7.6.0
    dev: true

  /@hutson/parse-repository-url@5.0.0:
    resolution: {integrity: sha512-e5+YUKENATs1JgYHMzTr2MW/NDcXGfYFAuOQU8gJgF/kEh4EqKgfGrfLI67bMD4tbhZVlkigz/9YYwWcbOFthg==}
    engines: {node: '>=10.13.0'}
    dev: true

  /@types/chai-subset@1.3.3:
    resolution: {integrity: sha512-frBecisrNGz+F4T6bcc+NLeolfiojh5FxW2klu669+8BARtyQv2C/GkNW6FUodVe4BroGMP/wER/YDGc7rEllw==}
    dependencies:
      '@types/chai': 4.3.1
    dev: true

  /@types/chai@4.3.1:
    resolution: {integrity: sha512-/zPMqDkzSZ8t3VtxOa4KPq7uzzW978M9Tvh+j7GHKuo6k6GTLxPJ4J5gE5cjfJ26pnXst0N5Hax8Sr0T2Mi9zQ==}
    dev: true

  /@types/node@15.14.9:
    resolution: {integrity: sha512-qjd88DrCxupx/kJD5yQgZdcYKZKSIGBVDIBE1/LTGcNm3d2Np/jxojkdePDdfnBHJc5W7vSMpbJ1aB7p/Py69A==}
    dev: true

  /@types/normalize-package-data@2.4.1:
    resolution: {integrity: sha512-Gj7cI7z+98M282Tqmp2K5EIsoouUEzbBJhQQzDE3jSIRk6r9gsz0oUokqIUR4u1R3dMHo0pDHM7sNOHyhulypw==}
    dev: true

  /@types/prop-types@15.7.5:
    resolution: {integrity: sha512-JCB8C6SnDoQf0cNycqd/35A7MjcnK+ZTqE7judS6o7utxUCg6imJg3QK2qzHKszlTjcj2cn+NwMB2i96ubpj7w==}
    dev: true

  /@types/react-dom@18.2.4:
    resolution: {integrity: sha512-G2mHoTMTL4yoydITgOGwWdWMVd8sNgyEP85xVmMKAPUBwQWm9wBPQUmvbeF4V3WBY1P7mmL4BkjQ0SqUpf1snw==}
    dependencies:
      '@types/react': 18.0.9
    dev: true

  /@types/react@18.0.9:
    resolution: {integrity: sha512-9bjbg1hJHUm4De19L1cHiW0Jvx3geel6Qczhjd0qY5VKVE2X5+x77YxAepuCwVh4vrgZJdgEJw48zrhRIeF4Nw==}
    dependencies:
      '@types/prop-types': 15.7.5
      '@types/scheduler': 0.16.2
      csstype: 3.0.11
    dev: true

  /@types/scheduler@0.16.2:
    resolution: {integrity: sha512-hppQEBDmlwhFAXKJX2KnWLYu5yMfi91yazPb2l+lbJiwW+wdo1gNeRA+3RgNSO39WYX2euey41KEwnqesU2Jew==}
    dev: true

  /JSONStream@1.3.5:
    resolution: {integrity: sha512-E+iruNOY8VV9s4JEbe1aNEm6MiszPRr/UfcHMz0TQh1BXSxHK+ASV1R6W4HpjBhSeS+54PIsAMCBmwD06LLsqQ==}
    hasBin: true
    dependencies:
      jsonparse: 1.3.1
      through: 2.3.8
    dev: true

  /add-stream@1.0.0:
    resolution: {integrity: sha512-qQLMr+8o0WC4FZGQTcJiKBVC59JylcPSrTtk6usvmIDFUOCKegapy1VHQwRbFMOFyb/inzUVqHs+eMYKDM1YeQ==}
    dev: true

  /ansi-styles@3.2.1:
    resolution: {integrity: sha512-VT0ZI6kZRdTh8YyJw3SMbYm/u+NqfsAxEpWO0Pf9sq8/e94WxxOpPKx9FR1FlyCtOVDNOQ+8ntlqFxiRc+r5qA==}
    engines: {node: '>=4'}
    dependencies:
      color-convert: 1.9.3
    dev: true

  /argparse@2.0.1:
    resolution: {integrity: sha512-8+9WqebbFzpX9OR+Wa6O29asIogeRMzcGtAINdpMHHyAg10f05aSFVBbcEqGf/PXw1EjAZ+q2/bEBg3DvurK3Q==}
    dev: true

  /array-ify@1.0.0:
    resolution: {integrity: sha512-c5AMf34bKdvPhQ7tBGhqkgKNUzMr4WUs+WDtC2ZUGOUncbxKMTvqxYctiseW3+L4bA8ec+GcZ6/A/FW4m8ukng==}
    dev: true

  /assertion-error@1.1.0:
    resolution: {integrity: sha512-jgsaNduz+ndvGyFt3uSuWqvy4lCnIJiovtouQN5JZHOKCS2QuhEdbcQHFhVksz2N2U9hXJo8odG7ETyWlEeuDw==}
    dev: true

  /chai@4.3.6:
    resolution: {integrity: sha512-bbcp3YfHCUzMOvKqsztczerVgBKSsEijCySNlHHbX3VG1nskvqjz5Rfso1gGwD6w6oOV3eI60pKuMOV5MV7p3Q==}
    engines: {node: '>=4'}
    dependencies:
      assertion-error: 1.1.0
      check-error: 1.0.2
      deep-eql: 3.0.1
      get-func-name: 2.0.0
      loupe: 2.3.4
      pathval: 1.1.1
      type-detect: 4.0.8
    dev: true

  /chalk@2.4.2:
    resolution: {integrity: sha512-Mti+f9lpJNcwF4tWV8/OrTTtF1gZi+f8FqlyAdouralcFWFQWF2+NgCHShjkCb+IFBLq9buZwE1xckQU4peSuQ==}
    engines: {node: '>=4'}
    dependencies:
      ansi-styles: 3.2.1
      escape-string-regexp: 1.0.5
      supports-color: 5.5.0
    dev: true

  /check-error@1.0.2:
    resolution: {integrity: sha512-BrgHpW9NURQgzoNyjfq0Wu6VFO6D7IZEmJNdtgNqpzGG8RuNFHt2jQxWlAs4HMe119chBnv+34syEZtc6IhLtA==}
    dev: true

  /color-convert@1.9.3:
    resolution: {integrity: sha512-QfAUtd+vFdAtFQcC8CCyYt1fYWxSqAiK2cSD6zDB8N3cpsEBAvRxp9zOGg6G/SHHJYAT88/az/IuDGALsNVbGg==}
    dependencies:
      color-name: 1.1.3
    dev: true

  /color-name@1.1.3:
    resolution: {integrity: sha512-72fSenhMw2HZMTVHeCA9KCmpEIbzWiQsjN+BHcBbS9vr1mtt+vJjPdksIBNUmKAW8TFUDPJK5SUU3QhE9NEXDw==}
    dev: true

  /commander@11.1.0:
    resolution: {integrity: sha512-yPVavfyCcRhmorC7rWlkHn15b4wDVgVmBA7kV4QVBsF7kv/9TKJAbAXVTxvTnwP8HHKjRCJDClKbciiYS7p0DQ==}
    engines: {node: '>=16'}
    dev: true

  /compare-func@2.0.0:
    resolution: {integrity: sha512-zHig5N+tPWARooBnb0Zx1MFcdfpyJrfTJ3Y5L+IFvUm8rM74hHz66z0gw0x4tijh5CorKkKUCnW82R2vmpeCRA==}
    dependencies:
      array-ify: 1.0.0
      dot-prop: 5.3.0
    dev: true

  /conventional-changelog-angular@7.0.0:
    resolution: {integrity: sha512-ROjNchA9LgfNMTTFSIWPzebCwOGFdgkEq45EnvvrmSLvCtAw0HSmrCs7/ty+wAeYUZyNay0YMUNYFTRL72PkBQ==}
    engines: {node: '>=16'}
    dependencies:
      compare-func: 2.0.0
    dev: true

  /conventional-changelog-atom@4.0.0:
    resolution: {integrity: sha512-q2YtiN7rnT1TGwPTwjjBSIPIzDJCRE+XAUahWxnh+buKK99Kks4WLMHoexw38GXx9OUxAsrp44f9qXe5VEMYhw==}
    engines: {node: '>=16'}
    dev: true

  /conventional-changelog-codemirror@4.0.0:
    resolution: {integrity: sha512-hQSojc/5imn1GJK3A75m9hEZZhc3urojA5gMpnar4JHmgLnuM3CUIARPpEk86glEKr3c54Po3WV/vCaO/U8g3Q==}
    engines: {node: '>=16'}
    dev: true

  /conventional-changelog-conventionalcommits@7.0.2:
    resolution: {integrity: sha512-NKXYmMR/Hr1DevQegFB4MwfM5Vv0m4UIxKZTTYuD98lpTknaZlSRrDOG4X7wIXpGkfsYxZTghUN+Qq+T0YQI7w==}
    engines: {node: '>=16'}
    dependencies:
      compare-func: 2.0.0
    dev: true

  /conventional-changelog-core@7.0.0:
    resolution: {integrity: sha512-UYgaB1F/COt7VFjlYKVE/9tTzfU3VUq47r6iWf6lM5T7TlOxr0thI63ojQueRLIpVbrtHK4Ffw+yQGduw2Bhdg==}
    engines: {node: '>=16'}
    dependencies:
      '@hutson/parse-repository-url': 5.0.0
      add-stream: 1.0.0
      conventional-changelog-writer: 7.0.1
      conventional-commits-parser: 5.0.0
      git-raw-commits: 4.0.0
      git-semver-tags: 7.0.1
      hosted-git-info: 7.0.1
      normalize-package-data: 6.0.0
      read-pkg: 8.1.0
      read-pkg-up: 10.1.0
    dev: true

  /conventional-changelog-ember@4.0.0:
    resolution: {integrity: sha512-D0IMhwcJUg1Y8FSry6XAplEJcljkHVlvAZddhhsdbL1rbsqRsMfGx/PIkPYq0ru5aDgn+OxhQ5N5yR7P9mfsvA==}
    engines: {node: '>=16'}
    dev: true

  /conventional-changelog-eslint@5.0.0:
    resolution: {integrity: sha512-6JtLWqAQIeJLn/OzUlYmzd9fKeNSWmQVim9kql+v4GrZwLx807kAJl3IJVc3jTYfVKWLxhC3BGUxYiuVEcVjgA==}
    engines: {node: '>=16'}
    dev: true

  /conventional-changelog-express@4.0.0:
    resolution: {integrity: sha512-yWyy5c7raP9v7aTvPAWzqrztACNO9+FEI1FSYh7UP7YT1AkWgv5UspUeB5v3Ibv4/o60zj2o9GF2tqKQ99lIsw==}
    engines: {node: '>=16'}
    dev: true

  /conventional-changelog-jquery@5.0.0:
    resolution: {integrity: sha512-slLjlXLRNa/icMI3+uGLQbtrgEny3RgITeCxevJB+p05ExiTgHACP5p3XiMKzjBn80n+Rzr83XMYfRInEtCPPw==}
    engines: {node: '>=16'}
    dev: true

  /conventional-changelog-jshint@4.0.0:
    resolution: {integrity: sha512-LyXq1bbl0yG0Ai1SbLxIk8ZxUOe3AjnlwE6sVRQmMgetBk+4gY9EO3d00zlEt8Y8gwsITytDnPORl8al7InTjg==}
    engines: {node: '>=16'}
    dependencies:
      compare-func: 2.0.0
    dev: true

  /conventional-changelog-preset-loader@4.1.0:
    resolution: {integrity: sha512-HozQjJicZTuRhCRTq4rZbefaiCzRM2pr6u2NL3XhrmQm4RMnDXfESU6JKu/pnKwx5xtdkYfNCsbhN5exhiKGJA==}
    engines: {node: '>=16'}
    dev: true

  /conventional-changelog-writer@7.0.1:
    resolution: {integrity: sha512-Uo+R9neH3r/foIvQ0MKcsXkX642hdm9odUp7TqgFS7BsalTcjzRlIfWZrZR1gbxOozKucaKt5KAbjW8J8xRSmA==}
    engines: {node: '>=16'}
    hasBin: true
    dependencies:
      conventional-commits-filter: 4.0.0
      handlebars: 4.7.7
      json-stringify-safe: 5.0.1
      meow: 12.1.1
      semver: 7.6.0
      split2: 4.2.0
    dev: true

  /conventional-changelog@5.1.0:
    resolution: {integrity: sha512-aWyE/P39wGYRPllcCEZDxTVEmhyLzTc9XA6z6rVfkuCD2UBnhV/sgSOKbQrEG5z9mEZJjnopjgQooTKxEg8mAg==}
    engines: {node: '>=16'}
    dependencies:
      conventional-changelog-angular: 7.0.0
      conventional-changelog-atom: 4.0.0
      conventional-changelog-codemirror: 4.0.0
      conventional-changelog-conventionalcommits: 7.0.2
      conventional-changelog-core: 7.0.0
      conventional-changelog-ember: 4.0.0
      conventional-changelog-eslint: 5.0.0
      conventional-changelog-express: 4.0.0
      conventional-changelog-jquery: 5.0.0
      conventional-changelog-jshint: 4.0.0
      conventional-changelog-preset-loader: 4.1.0
    dev: true

  /conventional-commits-filter@4.0.0:
    resolution: {integrity: sha512-rnpnibcSOdFcdclpFwWa+pPlZJhXE7l+XK04zxhbWrhgpR96h33QLz8hITTXbcYICxVr3HZFtbtUAQ+4LdBo9A==}
    engines: {node: '>=16'}
    dev: true

  /conventional-commits-parser@5.0.0:
    resolution: {integrity: sha512-ZPMl0ZJbw74iS9LuX9YIAiW8pfM5p3yh2o/NbXHbkFuZzY5jvdi5jFycEOkmBW5H5I7nA+D6f3UcsCLP2vvSEA==}
    engines: {node: '>=16'}
    hasBin: true
    dependencies:
      JSONStream: 1.3.5
      is-text-path: 2.0.0
      meow: 12.1.1
      split2: 4.2.0
    dev: true

  /cross-spawn@7.0.3:
    resolution: {integrity: sha512-iRDPJKUPVEND7dHPO8rkbOnPpyDygcDFtWjpeWNCgy8WP2rXcxXL8TskReQl6OrB2G7+UJrags1q15Fudc7G6w==}
    engines: {node: '>= 8'}
    dependencies:
      path-key: 3.1.1
      shebang-command: 2.0.0
      which: 2.0.2
    dev: true

  /csstype@3.0.11:
    resolution: {integrity: sha512-sa6P2wJ+CAbgyy4KFssIb/JNMLxFvKF1pCYCSXS8ZMuqZnMsrxqI2E5sPyoTpxoPU/gVZMzr2zjOfg8GIZOMsw==}
    dev: true

  /dargs@8.1.0:
    resolution: {integrity: sha512-wAV9QHOsNbwnWdNW2FYvE1P56wtgSbM+3SZcdGiWQILwVjACCXDCI3Ai8QlCjMDB8YK5zySiXZYBiwGmNY3lnw==}
    engines: {node: '>=12'}
    dev: true

  /debug@4.3.4:
    resolution: {integrity: sha512-PRWFHuSU3eDtQJPvnNY7Jcket1j0t5OuOsFzPPzsekD52Zl8qUfFIPEiswXqIvHWGVHOgX+7G/vCNNhehwxfkQ==}
    engines: {node: '>=6.0'}
    peerDependencies:
      supports-color: '*'
    peerDependenciesMeta:
      supports-color:
        optional: true
    dependencies:
      ms: 2.1.2
    dev: true

  /deep-eql@3.0.1:
    resolution: {integrity: sha512-+QeIQyN5ZuO+3Uk5DYh6/1eKO0m0YmJFGNmFHGACpf1ClL1nmlV/p4gNgbl2pJGxgXb4faqo6UE+M5ACEMyVcw==}
    engines: {node: '>=0.12'}
    dependencies:
      type-detect: 4.0.8
    dev: true

  /dot-prop@5.3.0:
    resolution: {integrity: sha512-QM8q3zDe58hqUqjraQOmzZ1LIH9SWQJTlEKCH4kJ2oQvLZk7RbQXvtDM2XEq3fwkV9CCvvH4LA0AV+ogFsBM2Q==}
    engines: {node: '>=8'}
    dependencies:
      is-obj: 2.0.0
    dev: true

  /error-ex@1.3.2:
    resolution: {integrity: sha512-7dFHNmqeFSEt2ZBsCriorKnn3Z2pj+fd9kmI6QoWw4//DL+icEBfc0U7qJCisqrTsKTjw4fNFy2pW9OqStD84g==}
    dependencies:
      is-arrayish: 0.2.1
    dev: true

  /esbuild-android-64@0.14.38:
    resolution: {integrity: sha512-aRFxR3scRKkbmNuGAK+Gee3+yFxkTJO/cx83Dkyzo4CnQl/2zVSurtG6+G86EQIZ+w+VYngVyK7P3HyTBKu3nw==}
    engines: {node: '>=12'}
    cpu: [x64]
    os: [android]
    requiresBuild: true
    dev: true
    optional: true

  /esbuild-android-arm64@0.14.38:
    resolution: {integrity: sha512-L2NgQRWuHFI89IIZIlpAcINy9FvBk6xFVZ7xGdOwIm8VyhX1vNCEqUJO3DPSSy945Gzdg98cxtNt8Grv1CsyhA==}
    engines: {node: '>=12'}
    cpu: [arm64]
    os: [android]
    requiresBuild: true
    dev: true
    optional: true

  /esbuild-darwin-64@0.14.38:
    resolution: {integrity: sha512-5JJvgXkX87Pd1Og0u/NJuO7TSqAikAcQQ74gyJ87bqWRVeouky84ICoV4sN6VV53aTW+NE87qLdGY4QA2S7KNA==}
    engines: {node: '>=12'}
    cpu: [x64]
    os: [darwin]
    requiresBuild: true
    dev: true
    optional: true

  /esbuild-darwin-arm64@0.14.38:
    resolution: {integrity: sha512-eqF+OejMI3mC5Dlo9Kdq/Ilbki9sQBw3QlHW3wjLmsLh+quNfHmGMp3Ly1eWm981iGBMdbtSS9+LRvR2T8B3eQ==}
    engines: {node: '>=12'}
    cpu: [arm64]
    os: [darwin]
    requiresBuild: true
    dev: true
    optional: true

  /esbuild-freebsd-64@0.14.38:
    resolution: {integrity: sha512-epnPbhZUt93xV5cgeY36ZxPXDsQeO55DppzsIgWM8vgiG/Rz+qYDLmh5ts3e+Ln1wA9dQ+nZmVHw+RjaW3I5Ig==}
    engines: {node: '>=12'}
    cpu: [x64]
    os: [freebsd]
    requiresBuild: true
    dev: true
    optional: true

  /esbuild-freebsd-arm64@0.14.38:
    resolution: {integrity: sha512-/9icXUYJWherhk+y5fjPI5yNUdFPtXHQlwP7/K/zg8t8lQdHVj20SqU9/udQmeUo5pDFHMYzcEFfJqgOVeKNNQ==}
    engines: {node: '>=12'}
    cpu: [arm64]
    os: [freebsd]
    requiresBuild: true
    dev: true
    optional: true

  /esbuild-linux-32@0.14.38:
    resolution: {integrity: sha512-QfgfeNHRFvr2XeHFzP8kOZVnal3QvST3A0cgq32ZrHjSMFTdgXhMhmWdKzRXP/PKcfv3e2OW9tT9PpcjNvaq6g==}
    engines: {node: '>=12'}
    cpu: [ia32]
    os: [linux]
    requiresBuild: true
    dev: true
    optional: true

  /esbuild-linux-64@0.14.38:
    resolution: {integrity: sha512-uuZHNmqcs+Bj1qiW9k/HZU3FtIHmYiuxZ/6Aa+/KHb/pFKr7R3aVqvxlAudYI9Fw3St0VCPfv7QBpUITSmBR1Q==}
    engines: {node: '>=12'}
    cpu: [x64]
    os: [linux]
    requiresBuild: true
    dev: true
    optional: true

  /esbuild-linux-arm64@0.14.38:
    resolution: {integrity: sha512-HlMGZTEsBrXrivr64eZ/EO0NQM8H8DuSENRok9d+Jtvq8hOLzrxfsAT9U94K3KOGk2XgCmkaI2KD8hX7F97lvA==}
    engines: {node: '>=12'}
    cpu: [arm64]
    os: [linux]
    requiresBuild: true
    dev: true
    optional: true

  /esbuild-linux-arm@0.14.38:
    resolution: {integrity: sha512-FiFvQe8J3VKTDXG01JbvoVRXQ0x6UZwyrU4IaLBZeq39Bsbatd94Fuc3F1RGqPF5RbIWW7RvkVQjn79ejzysnA==}
    engines: {node: '>=12'}
    cpu: [arm]
    os: [linux]
    requiresBuild: true
    dev: true
    optional: true

  /esbuild-linux-mips64le@0.14.38:
    resolution: {integrity: sha512-qd1dLf2v7QBiI5wwfil9j0HG/5YMFBAmMVmdeokbNAMbcg49p25t6IlJFXAeLzogv1AvgaXRXvgFNhScYEUXGQ==}
    engines: {node: '>=12'}
    cpu: [mips64el]
    os: [linux]
    requiresBuild: true
    dev: true
    optional: true

  /esbuild-linux-ppc64le@0.14.38:
    resolution: {integrity: sha512-mnbEm7o69gTl60jSuK+nn+pRsRHGtDPfzhrqEUXyCl7CTOCLtWN2bhK8bgsdp6J/2NyS/wHBjs1x8aBWwP2X9Q==}
    engines: {node: '>=12'}
    cpu: [ppc64]
    os: [linux]
    requiresBuild: true
    dev: true
    optional: true

  /esbuild-linux-riscv64@0.14.38:
    resolution: {integrity: sha512-+p6YKYbuV72uikChRk14FSyNJZ4WfYkffj6Af0/Tw63/6TJX6TnIKE+6D3xtEc7DeDth1fjUOEqm+ApKFXbbVQ==}
    engines: {node: '>=12'}
    cpu: [riscv64]
    os: [linux]
    requiresBuild: true
    dev: true
    optional: true

  /esbuild-linux-s390x@0.14.38:
    resolution: {integrity: sha512-0zUsiDkGJiMHxBQ7JDU8jbaanUY975CdOW1YDrurjrM0vWHfjv9tLQsW9GSyEb/heSK1L5gaweRjzfUVBFoybQ==}
    engines: {node: '>=12'}
    cpu: [s390x]
    os: [linux]
    requiresBuild: true
    dev: true
    optional: true

  /esbuild-netbsd-64@0.14.38:
    resolution: {integrity: sha512-cljBAApVwkpnJZfnRVThpRBGzCi+a+V9Ofb1fVkKhtrPLDYlHLrSYGtmnoTVWDQdU516qYI8+wOgcGZ4XIZh0Q==}
    engines: {node: '>=12'}
    cpu: [x64]
    os: [netbsd]
    requiresBuild: true
    dev: true
    optional: true

  /esbuild-openbsd-64@0.14.38:
    resolution: {integrity: sha512-CDswYr2PWPGEPpLDUO50mL3WO/07EMjnZDNKpmaxUPsrW+kVM3LoAqr/CE8UbzugpEiflYqJsGPLirThRB18IQ==}
    engines: {node: '>=12'}
    cpu: [x64]
    os: [openbsd]
    requiresBuild: true
    dev: true
    optional: true

  /esbuild-sunos-64@0.14.38:
    resolution: {integrity: sha512-2mfIoYW58gKcC3bck0j7lD3RZkqYA7MmujFYmSn9l6TiIcAMpuEvqksO+ntBgbLep/eyjpgdplF7b+4T9VJGOA==}
    engines: {node: '>=12'}
    cpu: [x64]
    os: [sunos]
    requiresBuild: true
    dev: true
    optional: true

  /esbuild-windows-32@0.14.38:
    resolution: {integrity: sha512-L2BmEeFZATAvU+FJzJiRLFUP+d9RHN+QXpgaOrs2klshoAm1AE6Us4X6fS9k33Uy5SzScn2TpcgecbqJza1Hjw==}
    engines: {node: '>=12'}
    cpu: [ia32]
    os: [win32]
    requiresBuild: true
    dev: true
    optional: true

  /esbuild-windows-64@0.14.38:
    resolution: {integrity: sha512-Khy4wVmebnzue8aeSXLC+6clo/hRYeNIm0DyikoEqX+3w3rcvrhzpoix0S+MF9vzh6JFskkIGD7Zx47ODJNyCw==}
    engines: {node: '>=12'}
    cpu: [x64]
    os: [win32]
    requiresBuild: true
    dev: true
    optional: true

  /esbuild-windows-arm64@0.14.38:
    resolution: {integrity: sha512-k3FGCNmHBkqdJXuJszdWciAH77PukEyDsdIryEHn9cKLQFxzhT39dSumeTuggaQcXY57UlmLGIkklWZo2qzHpw==}
    engines: {node: '>=12'}
    cpu: [arm64]
    os: [win32]
    requiresBuild: true
    dev: true
    optional: true

  /esbuild@0.14.38:
    resolution: {integrity: sha512-12fzJ0fsm7gVZX1YQ1InkOE5f9Tl7cgf6JPYXRJtPIoE0zkWAbHdPHVPPaLi9tYAcEBqheGzqLn/3RdTOyBfcA==}
    engines: {node: '>=12'}
    hasBin: true
    requiresBuild: true
    optionalDependencies:
      esbuild-android-64: 0.14.38
      esbuild-android-arm64: 0.14.38
      esbuild-darwin-64: 0.14.38
      esbuild-darwin-arm64: 0.14.38
      esbuild-freebsd-64: 0.14.38
      esbuild-freebsd-arm64: 0.14.38
      esbuild-linux-32: 0.14.38
      esbuild-linux-64: 0.14.38
      esbuild-linux-arm: 0.14.38
      esbuild-linux-arm64: 0.14.38
      esbuild-linux-mips64le: 0.14.38
      esbuild-linux-ppc64le: 0.14.38
      esbuild-linux-riscv64: 0.14.38
      esbuild-linux-s390x: 0.14.38
      esbuild-netbsd-64: 0.14.38
      esbuild-openbsd-64: 0.14.38
      esbuild-sunos-64: 0.14.38
      esbuild-windows-32: 0.14.38
      esbuild-windows-64: 0.14.38
      esbuild-windows-arm64: 0.14.38
    dev: true

  /escape-string-regexp@1.0.5:
    resolution: {integrity: sha512-vbRorB5FUQWvla16U8R/qgaFIya2qGzwDrNmCZuYKrbdSUMG6I1ZCGQRefkRVhuOkIGVne7BQ35DSfo1qvJqFg==}
    engines: {node: '>=0.8.0'}
    dev: true

  /execa@5.1.1:
    resolution: {integrity: sha512-8uSpZZocAZRBAPIEINJj3Lo9HyGitllczc27Eh5YYojjMFMn8yHMDMaUHE2Jqfq05D/wucwI4JGURyXt1vchyg==}
    engines: {node: '>=10'}
    dependencies:
      cross-spawn: 7.0.3
      get-stream: 6.0.1
      human-signals: 2.1.0
      is-stream: 2.0.1
      merge-stream: 2.0.0
      npm-run-path: 4.0.1
      onetime: 5.1.2
      signal-exit: 3.0.7
      strip-final-newline: 2.0.0
    dev: true

  /find-up@6.3.0:
    resolution: {integrity: sha512-v2ZsoEuVHYy8ZIlYqwPe/39Cy+cFDzp4dXPaxNvkEuouymu+2Jbz0PxpKarJHYJTmv2HWT3O382qY8l4jMWthw==}
    engines: {node: ^12.20.0 || ^14.13.1 || >=16.0.0}
    dependencies:
      locate-path: 7.2.0
      path-exists: 5.0.0
    dev: true

  /fsevents@2.3.2:
    resolution: {integrity: sha512-xiqMQR4xAeHTuB9uWm+fFRcIOgKBMiOBP+eXiyT7jsgVCq1bkVygt00oASowB7EdtpOHaaPgKt812P9ab+DDKA==}
    engines: {node: ^8.16.0 || ^10.6.0 || >=11.0.0}
    os: [darwin]
    requiresBuild: true
    dev: true
    optional: true

  /function-bind@1.1.1:
    resolution: {integrity: sha512-yIovAzMX49sF8Yl58fSCWJ5svSLuaibPxXQJFLmBObTuCr0Mf1KiPopGM9NiFjiYBCbfaa2Fh6breQ6ANVTI0A==}
    dev: true

  /get-func-name@2.0.0:
    resolution: {integrity: sha512-Hm0ixYtaSZ/V7C8FJrtZIuBBI+iSgL+1Aq82zSu8VQNB4S3Gk8e7Qs3VwBDJAhmRZcFqkl3tQu36g/Foh5I5ig==}
    dev: true

  /get-stream@6.0.1:
    resolution: {integrity: sha512-ts6Wi+2j3jQjqi70w5AlN8DFnkSwC+MqmxEzdEALB2qXZYV3X/b1CTfgPLGJNMeAWxdPfU8FO1ms3NUfaHCPYg==}
    engines: {node: '>=10'}
    dev: true

  /git-raw-commits@4.0.0:
    resolution: {integrity: sha512-ICsMM1Wk8xSGMowkOmPrzo2Fgmfo4bMHLNX6ytHjajRJUqvHOw/TFapQ+QG75c3X/tTDDhOSRPGC52dDbNM8FQ==}
    engines: {node: '>=16'}
    hasBin: true
    dependencies:
      dargs: 8.1.0
      meow: 12.1.1
      split2: 4.2.0
    dev: true

  /git-semver-tags@7.0.1:
    resolution: {integrity: sha512-NY0ZHjJzyyNXHTDZmj+GG7PyuAKtMsyWSwh07CR2hOZFa+/yoTsXci/nF2obzL8UDhakFNkD9gNdt/Ed+cxh2Q==}
    engines: {node: '>=16'}
    hasBin: true
    dependencies:
      meow: 12.1.1
      semver: 7.6.0
    dev: true

  /handlebars@4.7.7:
    resolution: {integrity: sha512-aAcXm5OAfE/8IXkcZvCepKU3VzW1/39Fb5ZuqMtgI/hT8X2YgoMvBY5dLhq/cpOvw7Lk1nK/UF71aLG/ZnVYRA==}
    engines: {node: '>=0.4.7'}
    hasBin: true
    dependencies:
      minimist: 1.2.6
      neo-async: 2.6.2
      source-map: 0.6.1
      wordwrap: 1.0.0
    optionalDependencies:
      uglify-js: 3.17.0
    dev: true

  /has-flag@3.0.0:
    resolution: {integrity: sha512-sKJf1+ceQBr4SMkvQnBDNDtf4TXpVhVGateu0t918bl30FnbE2m4vNLX+VWe/dpjlb+HugGYzW7uQXH98HPEYw==}
    engines: {node: '>=4'}
    dev: true

  /has@1.0.3:
    resolution: {integrity: sha512-f2dvO0VU6Oej7RkWJGrehjbzMAjFp5/VKPp5tTpWIV4JHHZK1/BxbFRtf/siA2SWTe09caDmVtYYzWEIbBS4zw==}
    engines: {node: '>= 0.4.0'}
    dependencies:
      function-bind: 1.1.1
    dev: true

  /hosted-git-info@7.0.1:
    resolution: {integrity: sha512-+K84LB1DYwMHoHSgaOY/Jfhw3ucPmSET5v98Ke/HdNSw4a0UktWzyW1mjhjpuxxTqOOsfWT/7iVshHmVZ4IpOA==}
    engines: {node: ^16.14.0 || >=18.0.0}
    dependencies:
      lru-cache: 10.2.0
    dev: true

  /human-signals@2.1.0:
    resolution: {integrity: sha512-B4FFZ6q/T2jhhksgkbEW3HBvWIfDW85snkQgawt07S7J5QXTk6BkNV+0yAeZrM5QpMAdYlocGoljn0sJ/WQkFw==}
    engines: {node: '>=10.17.0'}
    dev: true

  /is-arrayish@0.2.1:
    resolution: {integrity: sha512-zz06S8t0ozoDXMG+ube26zeCTNXcKIPJZJi8hBrF4idCLms4CG9QtK7qBl1boi5ODzFpjswb5JPmHCbMpjaYzg==}
    dev: true

  /is-core-module@2.9.0:
    resolution: {integrity: sha512-+5FPy5PnwmO3lvfMb0AsoPaBG+5KHUI0wYFXOtYPnVVVspTFUuMZNfNaNVRt3FZadstu2c8x23vykRW/NBoU6A==}
    dependencies:
      has: 1.0.3
    dev: true

  /is-obj@2.0.0:
    resolution: {integrity: sha512-drqDG3cbczxxEJRoOXcOjtdp1J/lyp1mNn0xaznRs8+muBhgQcrnbspox5X5fOw0HnMnbfDzvnEMEtqDEJEo8w==}
    engines: {node: '>=8'}
    dev: true

  /is-stream@2.0.1:
    resolution: {integrity: sha512-hFoiJiTl63nn+kstHGBtewWSKnQLpyb155KHheA1l39uvtO9nWIop1p3udqPcUd/xbF1VLMO4n7OI6p7RbngDg==}
    engines: {node: '>=8'}
    dev: true

  /is-text-path@2.0.0:
    resolution: {integrity: sha512-+oDTluR6WEjdXEJMnC2z6A4FRwFoYuvShVVEGsS7ewc0UTi2QtAKMDJuL4BDEVt+5T7MjFo12RP8ghOM75oKJw==}
    engines: {node: '>=8'}
    dependencies:
      text-extensions: 2.4.0
    dev: true

  /isbot-fast@1.2.0:
    resolution: {integrity: sha512-twjuQzy2gKMDVfKGQyQqrx6Uy4opu/fiVUTTpdqtFsd7OQijIp5oXvb27n5EemYXaijh5fomndJt/SPRLsEdSg==}
    engines: {node: '>=6.0.0'}
    dev: false

  /isexe@2.0.0:
    resolution: {integrity: sha512-RHxMLp9lnKHGHRng9QFhRCMbYAcVpn69smSGcq3f36xjgVVWThj4qqLbTLlq7Ssj8B+fIQ1EuCEGI2lKsyQeIw==}
    dev: true

  /js-tokens@4.0.0:
    resolution: {integrity: sha512-RdJUflcE3cUzKiMqQgsCu06FPu9UdIJO0beYbPhHN4k6apgJtifcoCtT9bcxOpYBtpD2kCM6Sbzg4CausW/PKQ==}
    dev: true

  /js-yaml@4.1.0:
    resolution: {integrity: sha512-wpxZs9NoxZaJESJGIZTyDEaYpl0FKSA+FB9aJiyemKhMwkxQg63h4T1KJgUGHpTqPDNRcmmYLugrRjJlBtWvRA==}
    hasBin: true
    dependencies:
      argparse: 2.0.1
    dev: true

  /json-parse-even-better-errors@3.0.1:
    resolution: {integrity: sha512-aatBvbL26wVUCLmbWdCpeu9iF5wOyWpagiKkInA+kfws3sWdBrTnsvN2CKcyCYyUrc7rebNBlK6+kteg7ksecg==}
    engines: {node: ^14.17.0 || ^16.13.0 || >=18.0.0}
    dev: true

  /json-stringify-safe@5.0.1:
    resolution: {integrity: sha512-ZClg6AaYvamvYEE82d3Iyd3vSSIjQ+odgjaTzRuO3s7toCdFKczob2i0zCh7JE8kWn17yvAWhUVxvqGwUalsRA==}
    dev: true

  /jsonparse@1.3.1:
    resolution: {integrity: sha512-POQXvpdL69+CluYsillJ7SUhKvytYjW9vG/GKpnf+xP8UWgYEM/RaMzHHofbALDiKbbP1W8UEYmgGl39WkPZsg==}
    engines: {'0': node >= 0.2.0}
    dev: true

  /lines-and-columns@2.0.4:
    resolution: {integrity: sha512-wM1+Z03eypVAVUCE7QdSqpVIvelbOakn1M0bPDoA4SGWPx3sNDVUiMo3L6To6WWGClB7VyXnhQ4Sn7gxiJbE6A==}
    engines: {node: ^12.20.0 || ^14.13.1 || >=16.0.0}
    dev: true

  /local-pkg@0.4.1:
    resolution: {integrity: sha512-lL87ytIGP2FU5PWwNDo0w3WhIo2gopIAxPg9RxDYF7m4rr5ahuZxP22xnJHIvaLTe4Z9P6uKKY2UHiwyB4pcrw==}
    engines: {node: '>=14'}
    dev: true

  /locate-path@7.2.0:
    resolution: {integrity: sha512-gvVijfZvn7R+2qyPX8mAuKcFGDf6Nc61GdvGafQsHL0sBIxfKzA+usWn4GFC/bk+QdwPUD4kWFJLhElipq+0VA==}
    engines: {node: ^12.20.0 || ^14.13.1 || >=16.0.0}
    dependencies:
      p-locate: 6.0.0
    dev: true

  /loose-envify@1.4.0:
    resolution: {integrity: sha512-lyuxPGr/Wfhrlem2CL/UcnUc1zcqKAImBDzukY7Y5F/yQiNdko6+fRLevlw1HgMySw7f611UIY408EtxRSoK3Q==}
    hasBin: true
    dependencies:
      js-tokens: 4.0.0
    dev: true

  /loupe@2.3.4:
    resolution: {integrity: sha512-OvKfgCC2Ndby6aSTREl5aCCPTNIzlDfQZvZxNUrBrihDhL3xcrYegTblhmEiCrg2kKQz4XsFIaemE5BF4ybSaQ==}
    dependencies:
      get-func-name: 2.0.0
    dev: true

  /lru-cache@10.2.0:
    resolution: {integrity: sha512-2bIM8x+VAf6JT4bKAljS1qUWgMsqZRPGJS6FSahIMPVvctcNhyVp7AJu7quxOW9jwkryBReKZY5tY5JYv2n/7Q==}
    engines: {node: 14 || >=16.14}
    dev: true

  /lru-cache@6.0.0:
    resolution: {integrity: sha512-Jo6dJ04CmSjuznwJSS3pUeWmd/H0ffTlkXXgwZi+eq1UCmqQwCh+eLsYOYCwY991i2Fah4h1BEMCx4qThGbsiA==}
    engines: {node: '>=10'}
    dependencies:
      yallist: 4.0.0
    dev: true

  /meow@12.1.1:
    resolution: {integrity: sha512-BhXM0Au22RwUneMPwSCnyhTOizdWoIEPU9sp0Aqa1PnDMR5Wv2FGXYDjuzJEIX+Eo2Rb8xuYe5jrnm5QowQFkw==}
    engines: {node: '>=16.10'}
    dev: true

  /merge-stream@2.0.0:
    resolution: {integrity: sha512-abv/qOcuPfk3URPfDzmZU1LKmuw8kT+0nIHvKrKgFrwifol/doWcdA4ZqsWQ8ENrFKkd67Mfpo/LovbIUsbt3w==}
    dev: true

  /mimic-fn@2.1.0:
    resolution: {integrity: sha512-OqbOk5oEQeAZ8WXWydlu9HJjz9WVdEIvamMCcXmuqUYjTknH/sqsWvhQ3vgwKFRR1HpjvNBKQ37nbJgYzGqGcg==}
    engines: {node: '>=6'}
    dev: true

  /minimist@1.2.6:
    resolution: {integrity: sha512-Jsjnk4bw3YJqYzbdyBiNsPWHPfO++UGG749Cxs6peCu5Xg4nrena6OVxOYxrQTqww0Jmwt+Ref8rggumkTLz9Q==}
    dev: true

  /ms@2.1.2:
    resolution: {integrity: sha512-sGkPx+VjMtmA6MX27oA4FBFELFCZZ4S4XqeGOXCv68tT+jb3vk/RyaKWP0PTKyWtmLSM0b+adUTEvbs1PEaH2w==}
    dev: true

  /nanoid@3.3.4:
    resolution: {integrity: sha512-MqBkQh/OHTS2egovRtLk45wEyNXwF+cokD+1YPf9u5VfJiRdAiRwB2froX5Co9Rh20xs4siNPm8naNotSD6RBw==}
    engines: {node: ^10 || ^12 || ^13.7 || ^14 || >=15.0.1}
    hasBin: true
    dev: true

  /neo-async@2.6.2:
    resolution: {integrity: sha512-Yd3UES5mWCSqR+qNT93S3UoYUkqAZ9lLg8a7g9rimsWmYGK8cVToA4/sF3RrshdyV3sAGMXVUmpMYOw+dLpOuw==}
    dev: true

  /normalize-package-data@6.0.0:
    resolution: {integrity: sha512-UL7ELRVxYBHBgYEtZCXjxuD5vPxnmvMGq0jp/dGPKKrN7tfsBh2IY7TlJ15WWwdjRWD3RJbnsygUurTK3xkPkg==}
    engines: {node: ^16.14.0 || >=18.0.0}
    dependencies:
      hosted-git-info: 7.0.1
      is-core-module: 2.9.0
      semver: 7.6.0
      validate-npm-package-license: 3.0.4
    dev: true

  /npm-run-path@4.0.1:
    resolution: {integrity: sha512-S48WzZW777zhNIrn7gxOlISNAqi9ZC/uQFnRdbeIHhZhCA6UqpkOT8T1G7BvfdgP4Er8gF4sUbaS0i7QvIfCWw==}
    engines: {node: '>=8'}
    dependencies:
      path-key: 3.1.1
    dev: true

  /onetime@5.1.2:
    resolution: {integrity: sha512-kbpaSSGJTWdAY5KPVeMOKXSrPtr8C8C7wodJbcsd51jRnmD+GZu8Y0VoU6Dm5Z4vWr0Ig/1NKuWRKf7j5aaYSg==}
    engines: {node: '>=6'}
    dependencies:
      mimic-fn: 2.1.0
    dev: true

  /p-limit@4.0.0:
    resolution: {integrity: sha512-5b0R4txpzjPWVw/cXXUResoD4hb6U/x9BH08L7nw+GN1sezDzPdxeRvpc9c433fZhBan/wusjbCsqwqm4EIBIQ==}
    engines: {node: ^12.20.0 || ^14.13.1 || >=16.0.0}
    dependencies:
      yocto-queue: 1.0.0
    dev: true

  /p-locate@6.0.0:
    resolution: {integrity: sha512-wPrq66Llhl7/4AGC6I+cqxT07LhXvWL08LNXz1fENOw0Ap4sRZZ/gZpTTJ5jpurzzzfS2W/Ge9BY3LgLjCShcw==}
    engines: {node: ^12.20.0 || ^14.13.1 || >=16.0.0}
    dependencies:
      p-limit: 4.0.0
    dev: true

  /parse-json@7.1.1:
    resolution: {integrity: sha512-SgOTCX/EZXtZxBE5eJ97P4yGM5n37BwRU+YMsH4vNzFqJV/oWFXXCmwFlgWUM4PrakybVOueJJ6pwHqSVhTFDw==}
    engines: {node: '>=16'}
    dependencies:
      '@babel/code-frame': 7.24.2
      error-ex: 1.3.2
      json-parse-even-better-errors: 3.0.1
      lines-and-columns: 2.0.4
      type-fest: 3.13.1
    dev: true

  /path-exists@5.0.0:
    resolution: {integrity: sha512-RjhtfwJOxzcFmNOi6ltcbcu4Iu+FL3zEj83dk4kAS+fVpTxXLO1b38RvJgT/0QwvV/L3aY9TAnyv0EOqW4GoMQ==}
    engines: {node: ^12.20.0 || ^14.13.1 || >=16.0.0}
    dev: true

  /path-key@3.1.1:
    resolution: {integrity: sha512-ojmeN0qd+y0jszEtoY48r0Peq5dwMEkIlCOu6Q5f41lfkswXuKtYrhgoTpLnyIcHm24Uhqx+5Tqm2InSwLhE6Q==}
    engines: {node: '>=8'}
    dev: true

  /path-parse@1.0.7:
    resolution: {integrity: sha512-LDJzPVEEEPR+y48z93A0Ed0yXb8pAByGWo/k5YYdYgpY2/2EsOsksJrq7lOHxryrVOn1ejG6oAp8ahvOIQD8sw==}
    dev: true

  /pathval@1.1.1:
    resolution: {integrity: sha512-Dp6zGqpTdETdR63lehJYPeIOqpiNBNtc7BpWSLrOje7UaIsE5aY92r/AunQA7rsXvet3lrJ3JnZX29UPTKXyKQ==}
    dev: true

  /picocolors@1.0.0:
    resolution: {integrity: sha512-1fygroTLlHu66zi26VoTDv8yRgm0Fccecssto+MhsZ0D/DGW2sm8E8AjW7NU5VVTRt5GxbeZ5qBuJr+HyLYkjQ==}
    dev: true

  /postcss@8.4.14:
    resolution: {integrity: sha512-E398TUmfAYFPBSdzgeieK2Y1+1cpdxJx8yXbK/m57nRhKSmk1GB2tO4lbLBtlkfPQTDKfe4Xqv1ASWPpayPEig==}
    engines: {node: ^10 || ^12 || >=14}
    dependencies:
      nanoid: 3.3.4
      picocolors: 1.0.0
      source-map-js: 1.0.2
    dev: true

  /prettier@3.2.5:
    resolution: {integrity: sha512-3/GWa9aOC0YeD7LUfvOG2NiDyhOWRvt1k+rcKhOuYnMY24iiCphgneUfJDyFXd6rZCAnuLBv6UeAULtrhT/F4A==}
    engines: {node: '>=14'}
    hasBin: true
    dev: true

  /react-dom@18.2.0(react@18.2.0):
    resolution: {integrity: sha512-6IMTriUmvsjHUjNtEDudZfuDQUoWXVxKHhlEGSk81n4YFS+r/Kl99wXiwlVXtPBtJenozv2P+hxDsw9eA7Xo6g==}
    peerDependencies:
      react: ^18.2.0
    dependencies:
      loose-envify: 1.4.0
      react: 18.2.0
      scheduler: 0.23.0
    dev: true

  /react@18.2.0:
    resolution: {integrity: sha512-/3IjMdb2L9QbBdWiW5e3P2/npwMBaU9mHCSCUzNln0ZCYbcfTsGbTJrU/kGemdH2IWmB2ioZ+zkxtmq6g09fGQ==}
    engines: {node: '>=0.10.0'}
    dependencies:
      loose-envify: 1.4.0
    dev: true

  /read-pkg-up@10.1.0:
    resolution: {integrity: sha512-aNtBq4jR8NawpKJQldrQcSW9y/d+KWH4v24HWkHljOZ7H0av+YTGANBzRh9A5pw7v/bLVsLVPpOhJ7gHNVy8lA==}
    engines: {node: '>=16'}
    dependencies:
      find-up: 6.3.0
      read-pkg: 8.1.0
      type-fest: 4.15.0
    dev: true

  /read-pkg@8.1.0:
    resolution: {integrity: sha512-PORM8AgzXeskHO/WEv312k9U03B8K9JSiWF/8N9sUuFjBa+9SF2u6K7VClzXwDXab51jCd8Nd36CNM+zR97ScQ==}
    engines: {node: '>=16'}
    dependencies:
      '@types/normalize-package-data': 2.4.1
      normalize-package-data: 6.0.0
      parse-json: 7.1.1
      type-fest: 4.15.0
    dev: true

  /resolve@1.22.0:
    resolution: {integrity: sha512-Hhtrw0nLeSrFQ7phPp4OOcVjLPIeMnRlr5mcnVuMe7M/7eBn98A3hmFRLoFo3DLZkivSYwhRUJTyPyWAk56WLw==}
    hasBin: true
    dependencies:
      is-core-module: 2.9.0
      path-parse: 1.0.7
      supports-preserve-symlinks-flag: 1.0.0
    dev: true

  /rollup@2.70.2:
    resolution: {integrity: sha512-EitogNZnfku65I1DD5Mxe8JYRUCy0hkK5X84IlDtUs+O6JRMpRciXTzyCUuX11b5L5pvjH+OmFXiQ3XjabcXgg==}
    engines: {node: '>=10.0.0'}
    hasBin: true
    optionalDependencies:
      fsevents: 2.3.2
    dev: true

  /scheduler@0.23.0:
    resolution: {integrity: sha512-CtuThmgHNg7zIZWAXi3AsyIzA3n4xx7aNyjwC2VJldO2LMVDhFK+63xGqq6CsJH4rTAt6/M+N4GhZiDYPx9eUw==}
    dependencies:
      loose-envify: 1.4.0
    dev: true

  /semver@7.6.0:
    resolution: {integrity: sha512-EnwXhrlwXMk9gKu5/flx5sv/an57AkRplG3hTK68W7FRDN+k+OWBj65M7719OkA82XLBxrcX0KSHj+X5COhOVg==}
    engines: {node: '>=10'}
    hasBin: true
    dependencies:
      lru-cache: 6.0.0
    dev: true

  /shebang-command@2.0.0:
    resolution: {integrity: sha512-kHxr2zZpYtdmrN1qDjrrX/Z1rR1kG8Dx+gkpK1G4eXmvXswmcE1hTWBWYUzlraYw1/yZp6YuDY77YtvbN0dmDA==}
    engines: {node: '>=8'}
    dependencies:
      shebang-regex: 3.0.0
    dev: true

  /shebang-regex@3.0.0:
    resolution: {integrity: sha512-7++dFhtcx3353uBaq8DDR4NuxBetBzC7ZQOhmTQInHEd6bSrXdiEyzCvG07Z44UYdLShWUyXt5M/yhz8ekcb1A==}
    engines: {node: '>=8'}
    dev: true

  /signal-exit@3.0.7:
    resolution: {integrity: sha512-wnD2ZE+l+SPC/uoS0vXeE9L1+0wuaMqKlfz9AMUo38JsyLSBWSFcHR1Rri62LZc12vLr1gb3jl7iwQhgwpAbGQ==}
    dev: true

  /source-map-js@1.0.2:
    resolution: {integrity: sha512-R0XvVJ9WusLiqTCEiGCmICCMplcCkIwwR11mOSD9CR5u+IXYdiseeEuXCVAjS54zqwkLcPNnmU4OeJ6tUrWhDw==}
    engines: {node: '>=0.10.0'}
    dev: true

  /source-map@0.6.1:
    resolution: {integrity: sha512-UjgapumWlbMhkBgzT7Ykc5YXUT46F0iKu8SGXq0bcwP5dz/h0Plj6enJqjz1Zbq2l5WaqYnrVbwWOWMyF3F47g==}
    engines: {node: '>=0.10.0'}
    dev: true

  /spdx-correct@3.1.1:
    resolution: {integrity: sha512-cOYcUWwhCuHCXi49RhFRCyJEK3iPj1Ziz9DpViV3tbZOwXD49QzIN3MpOLJNxh2qwq2lJJZaKMVw9qNi4jTC0w==}
    dependencies:
      spdx-expression-parse: 3.0.1
      spdx-license-ids: 3.0.12
    dev: true

  /spdx-exceptions@2.3.0:
    resolution: {integrity: sha512-/tTrYOC7PPI1nUAgx34hUpqXuyJG+DTHJTnIULG4rDygi4xu/tfgmq1e1cIRwRzwZgo4NLySi+ricLkZkw4i5A==}
    dev: true

  /spdx-expression-parse@3.0.1:
    resolution: {integrity: sha512-cbqHunsQWnJNE6KhVSMsMeH5H/L9EpymbzqTQ3uLwNCLZ1Q481oWaofqH7nO6V07xlXwY6PhQdQ2IedWx/ZK4Q==}
    dependencies:
      spdx-exceptions: 2.3.0
      spdx-license-ids: 3.0.12
    dev: true

  /spdx-license-ids@3.0.12:
    resolution: {integrity: sha512-rr+VVSXtRhO4OHbXUiAF7xW3Bo9DuuF6C5jH+q/x15j2jniycgKbxU09Hr0WqlSLUs4i4ltHGXqTe7VHclYWyA==}
    dev: true

  /split2@4.2.0:
    resolution: {integrity: sha512-UcjcJOWknrNkF6PLX83qcHM6KHgVKNkV62Y8a5uYDVv9ydGQVwAHMKqHdJje1VTWpljG0WYpCDhrCdAOYH4TWg==}
    engines: {node: '>= 10.x'}
    dev: true

  /strip-final-newline@2.0.0:
    resolution: {integrity: sha512-BrpvfNAE3dcvq7ll3xVumzjKjZQ5tI1sEUIKr3Uoks0XUl45St3FlatVqef9prk4jRDzhW6WZg+3bk93y6pLjA==}
    engines: {node: '>=6'}
    dev: true

  /supports-color@5.5.0:
    resolution: {integrity: sha512-QjVjwdXIt408MIiAqCX4oUKsgU2EqAGzs2Ppkm4aQYbjm+ZEWEcW4SfFNTr4uMNZma0ey4f5lgLrkB0aX0QMow==}
    engines: {node: '>=4'}
    dependencies:
      has-flag: 3.0.0
    dev: true

  /supports-preserve-symlinks-flag@1.0.0:
    resolution: {integrity: sha512-ot0WnXS9fgdkgIcePe6RHNk1WA8+muPa6cSjeR3V8K27q9BB1rTE3R1p7Hv0z1ZyAc8s6Vvv8DIyWf681MAt0w==}
    engines: {node: '>= 0.4'}
    dev: true

  /text-extensions@2.4.0:
    resolution: {integrity: sha512-te/NtwBwfiNRLf9Ijqx3T0nlqZiQ2XrrtBvu+cLL8ZRrGkO0NHTug8MYFKyoSrv/sHTaSKfilUkizV6XhxMJ3g==}
    engines: {node: '>=8'}
    dev: true

  /through@2.3.8:
    resolution: {integrity: sha512-w89qg7PI8wAdvX60bMDP+bFoD5Dvhm9oLheFp5O4a2QF0cSBGsBX4qZmadPMvVqlLJBBci+WqGGOAPvcDeNSVg==}
    dev: true

  /tinypool@0.1.3:
    resolution: {integrity: sha512-2IfcQh7CP46XGWGGbdyO4pjcKqsmVqFAPcXfPxcPXmOWt9cYkTP9HcDmGgsfijYoAEc4z9qcpM/BaBz46Y9/CQ==}
    engines: {node: '>=14.0.0'}
    dev: true

  /tinyspy@0.3.2:
    resolution: {integrity: sha512-2+40EP4D3sFYy42UkgkFFB+kiX2Tg3URG/lVvAZFfLxgGpnWl5qQJuBw1gaLttq8UOS+2p3C0WrhJnQigLTT2Q==}
    engines: {node: '>=14.0.0'}
    dev: true

  /type-detect@4.0.8:
    resolution: {integrity: sha512-0fr/mIH1dlO+x7TlcMy+bIDqKPsw/70tVyeHW787goQjhmqaZe10uwLujubK9q9Lg6Fiho1KUKDYz0Z7k7g5/g==}
    engines: {node: '>=4'}
    dev: true

  /type-fest@3.13.1:
    resolution: {integrity: sha512-tLq3bSNx+xSpwvAJnzrK0Ep5CLNWjvFTOp71URMaAEWBfRb9nnJiBoUe0tF8bI4ZFO3omgBR6NvnbzVUT3Ly4g==}
    engines: {node: '>=14.16'}
    dev: true

  /type-fest@4.15.0:
    resolution: {integrity: sha512-tB9lu0pQpX5KJq54g+oHOLumOx+pMep4RaM6liXh2PKmVRFF+/vAtUP0ZaJ0kOySfVNjF6doBWPHhBhISKdlIA==}
    engines: {node: '>=16'}
    dev: true

  /typescript@4.8.3:
    resolution: {integrity: sha512-goMHfm00nWPa8UvR/CPSvykqf6dVV8x/dp0c5mFTMTIu0u0FlGWRioyy7Nn0PGAdHxpJZnuO/ut+PpQ8UiHAig==}
    engines: {node: '>=4.2.0'}
    hasBin: true
    dev: true

  /uglify-js@3.17.0:
    resolution: {integrity: sha512-aTeNPVmgIMPpm1cxXr2Q/nEbvkmV8yq66F3om7X3P/cvOXQ0TMQ64Wk63iyT1gPlmdmGzjGpyLh1f3y8MZWXGg==}
    engines: {node: '>=0.8.0'}
    hasBin: true
    requiresBuild: true
    dev: true
    optional: true

  /validate-npm-package-license@3.0.4:
    resolution: {integrity: sha512-DpKm2Ui/xN7/HQKCtpZxoRWBhZ9Z0kqtygG8XCgNQ8ZlDnxuQmWhj566j8fN4Cu3/JmbhsDo7fcAJq4s9h27Ew==}
    dependencies:
      spdx-correct: 3.1.1
      spdx-expression-parse: 3.0.1
    dev: true

  /vite@2.9.10:
    resolution: {integrity: sha512-TwZRuSMYjpTurLqXspct+HZE7ONiW9d+wSWgvADGxhDPPyoIcNywY+RX4ng+QpK30DCa1l/oZgi2PLZDibhzbQ==}
    engines: {node: '>=12.2.0'}
    hasBin: true
    peerDependencies:
      less: '*'
      sass: '*'
      stylus: '*'
    peerDependenciesMeta:
      less:
        optional: true
      sass:
        optional: true
      stylus:
        optional: true
    dependencies:
      esbuild: 0.14.38
      postcss: 8.4.14
      resolve: 1.22.0
      rollup: 2.70.2
    optionalDependencies:
      fsevents: 2.3.2
    dev: true

  /vitest@0.14.1:
    resolution: {integrity: sha512-2UUm6jYgkwh7Y3VKSRR8OuaNCm+iA5LPDnal7jyITN39maZK9L+JVxqjtQ39PSFo5Fl3/BgaJvER6GGHX9JLxg==}
    engines: {node: '>=v14.16.0'}
    hasBin: true
    peerDependencies:
      '@vitest/ui': '*'
      c8: '*'
      happy-dom: '*'
      jsdom: '*'
    peerDependenciesMeta:
      '@vitest/ui':
        optional: true
      c8:
        optional: true
      happy-dom:
        optional: true
      jsdom:
        optional: true
    dependencies:
      '@types/chai': 4.3.1
      '@types/chai-subset': 1.3.3
      chai: 4.3.6
      debug: 4.3.4
      local-pkg: 0.4.1
      tinypool: 0.1.3
      tinyspy: 0.3.2
      vite: 2.9.10
    transitivePeerDependencies:
      - less
      - sass
      - stylus
      - supports-color
    dev: true

  /which@2.0.2:
    resolution: {integrity: sha512-BLI3Tl1TW3Pvl70l3yq3Y64i+awpwXqsGBYWkkqMtnbXgrMD+yj7rhW0kuEDxzJaYXGjEW5ogapKNMEKNMjibA==}
    engines: {node: '>= 8'}
    hasBin: true
    dependencies:
      isexe: 2.0.0
    dev: true

  /wordwrap@1.0.0:
    resolution: {integrity: sha512-gvVzJFlPycKc5dZN4yPkP8w7Dc37BtP1yczEneOb4uq34pXZcvrtRTmWV8W+Ume+XCxKgbjM+nevkyFPMybd4Q==}
    dev: true

  /yallist@4.0.0:
    resolution: {integrity: sha512-3wdGidZyq5PB084XLES5TpOSRA3wjXAlIWMhum2kRcv/41Sn2emQ0dycQW4uZXLejwKvg6EsvbdlVL+FYEct7A==}
    dev: true

  /yocto-queue@1.0.0:
    resolution: {integrity: sha512-9bnSc/HEW2uRy67wc+T8UwauLuPJVn28jb+GtJY16iiKWyvmYJRXVT4UamsAEGQfPohgr2q4Tq0sQbQlxTfi1g==}
    engines: {node: '>=12.20'}
    dev: true
