lockfileVersion: 5.3

specifiers:
  '@brillout/json-s': ^0.4.5
  '@types/node': ^15.12.2
  '@types/react': ^18.0.5
  '@types/react-dom': ^18.0.1
  react: ^18.0.0
  typescript: ^4.6.3

dependencies:
  '@brillout/json-s': 0.4.5

devDependencies:
  '@types/node': 15.14.9
  '@types/react': 18.0.5
  '@types/react-dom': 18.0.1
  react: 18.0.0
  typescript: 4.6.3

packages:

  /@brillout/json-s/0.4.5:
    resolution: {integrity: sha512-hiB4LVW4aFoxvJg//93/B1IlnVfVG15RnRFug+mAaCeM7LZzlQV4anAM4y4VzMVPShUCdbx208tnnb8N4I8dvg==}
    dev: false

  /@types/node/15.14.9:
    resolution: {integrity: sha512-qjd88DrCxupx/kJD5yQgZdcYKZKSIGBVDIBE1/LTGcNm3d2Np/jxojkdePDdfnBHJc5W7vSMpbJ1aB7p/Py69A==}
    dev: true

  /@types/prop-types/15.7.5:
    resolution: {integrity: sha512-JCB8C6SnDoQf0cNycqd/35A7MjcnK+ZTqE7judS6o7utxUCg6imJg3QK2qzHKszlTjcj2cn+NwMB2i96ubpj7w==}
    dev: true

  /@types/react-dom/18.0.1:
    resolution: {integrity: sha512-jCwTXvHtRLiyVvKm9aEdHXs8rflVOGd5Sl913JZrPshfXjn8NYsTNZOz70bCsA31IR0TOqwi3ad+X4tSCBoMTw==}
    dependencies:
      '@types/react': 18.0.5
    dev: true

  /@types/react/18.0.5:
    resolution: {integrity: sha512-UPxNGInDCIKlfqBrm8LDXYWNfLHwIdisWcsH5GpMyGjhEDLFgTtlRBaoWuCua9HcyuE0rMkmAeZ3FXV1pYLIYQ==}
    dependencies:
      '@types/prop-types': 15.7.5
      '@types/scheduler': 0.16.2
      csstype: 3.0.11
    dev: true

  /@types/scheduler/0.16.2:
    resolution: {integrity: sha512-hppQEBDmlwhFAXKJX2KnWLYu5yMfi91yazPb2l+lbJiwW+wdo1gNeRA+3RgNSO39WYX2euey41KEwnqesU2Jew==}
    dev: true

  /csstype/3.0.11:
    resolution: {integrity: sha512-sa6P2wJ+CAbgyy4KFssIb/JNMLxFvKF1pCYCSXS8ZMuqZnMsrxqI2E5sPyoTpxoPU/gVZMzr2zjOfg8GIZOMsw==}
    dev: true

  /js-tokens/4.0.0:
    resolution: {integrity: sha512-RdJUflcE3cUzKiMqQgsCu06FPu9UdIJO0beYbPhHN4k6apgJtifcoCtT9bcxOpYBtpD2kCM6Sbzg4CausW/PKQ==}
    dev: true

  /loose-envify/1.4.0:
    resolution: {integrity: sha512-lyuxPGr/Wfhrlem2CL/UcnUc1zcqKAImBDzukY7Y5F/yQiNdko6+fRLevlw1HgMySw7f611UIY408EtxRSoK3Q==}
    hasBin: true
    dependencies:
      js-tokens: 4.0.0
    dev: true

  /react/18.0.0:
    resolution: {integrity: sha512-x+VL6wbT4JRVPm7EGxXhZ8w8LTROaxPXOqhlGyVSrv0sB1jkyFGgXxJ8LVoPRLvPR6/CIZGFmfzqUa2NYeMr2A==}
    engines: {node: '>=0.10.0'}
    dependencies:
      loose-envify: 1.4.0
    dev: true

  /typescript/4.6.3:
    resolution: {integrity: sha512-yNIatDa5iaofVozS/uQJEl3JRWLKKGJKh6Yaiv0GLGSuhpFJe7P3SbHZ8/yjAHRQwKRoA6YZqlfjXWmVzoVSMw==}
    engines: {node: '>=4.2.0'}
    hasBin: true
    dev: true
